hash: 4c9c302947912951cb8ed47f8ff501aa1ca80945ae86a6d202cdaa6e8c1d4a5e
updated: 2019-06-16T18:14:25.039588228+08:00
imports:
- name: github.com/caitinggui/seelog
  version: 8312b9d9869c1a9e924ec23ced323d6cd3c031bb
  subpackages:
  - archive
  - archive/gzip
  - archive/tar
  - archive/zip
- name: github.com/caitinggui/uniqueid
  version: a9e3092e2f232ec1062f1b997e786edefad996e4
- name: github.com/gin-contrib/multitemplate
  version: 30e424939505d607907753c252dc209d8fdd496c
- name: github.com/gin-contrib/sessions
  version: 3cb4c4f2d615bc14e3e6a740f69cc6447fa05807
  subpackages:
  - cookie
- name: github.com/gin-contrib/sse
  version: 54d8467d122d380a14768b6b4e5cd7ca4755938f
- name: github.com/gin-gonic/gin
  version: b75d67cd51eb53c3c3a2fc406524c940021ffbda
  subpackages:
  - binding
  - internal/json
  - render
- name: github.com/golang/protobuf
  version: b285ee9cfc6c881bb20c0d8dc73370ea9b9ec90f
  subpackages:
  - proto
- name: github.com/gorilla/context
  version: 51ce91d2eaddeca0ef29a71d766bb3634dadf729
- name: github.com/gorilla/securecookie
  version: e65cf8c5df817c89aeb47ecb46064e802e2de943
- name: github.com/gorilla/sessions
  version: 12bd4761fc66ac946e16fcc2a32b1e0b066f6177
- name: github.com/jinzhu/gorm
  version: 6ed508ec6a4ecb3531899a69cbc746ccf65a4166
- name: github.com/jinzhu/inflection
  version: f5c5f50e6090ae76a29240b61ae2a90dd810112e
- name: github.com/json-iterator/go
  version: 0039f4ac3d5680243e7d0650c581e7ec0885ef5a
- name: github.com/mattn/go-isatty
  version: 1311e847b0cb909da63b5fecfb5370aa66236465
- name: github.com/mattn/go-sqlite3
  version: c7c4067b79cc51e6dfdcef5c702e74b1e0fa7c75
- name: github.com/modern-go/concurrent
  version: bacd9c7ef1dd9b15be4a9909b8ac7a4e313eec94
- name: github.com/modern-go/reflect2
  version: 94122c33edd36123c84d5368cfb2b69df93a0ec8
- name: github.com/patrickmn/go-cache
  version: a3647f8e31d79543b2d0f0ae2fe5c379d72cedc0
- name: github.com/ugorji/go
  version: 882e0bbdfaa5d9209fdb417056003ed00d743008
  subpackages:
  - codec
- name: gopkg.in/go-playground/validator.v8
  version: 5f1438d3fca68893a817e4a66806cea46a9e4ebf
- name: gopkg.in/yaml.v2
  version: 51d6538a90f86fe93ac480b35f37b2be17fef232
testImports: []
